
Microsoft Visual Studio Solution File, Format Version 12.00
# Visual Studio 15
VisualStudioVersion = 15.0.27130.2010
MinimumVisualStudioVersion = 10.0.40219.1
Project("{FAE04EC0-301F-11D3-BF4B-00C04F79EFBC}") = "smtc", "smtc\smtc.csproj", "{E1C913CE-D68F-462F-BA74-9683152B8E09}"
EndProject
Global
	GlobalSection(SolutionConfigurationPlatforms) = preSolution
		Debug|Any CPU = Debug|Any CPU
		Release|Any CPU = Release|Any CPU
	EndGlobalSection
	GlobalSection(ProjectConfigurationPlatforms) = postSolution
		{E1C913CE-D68F-462F-BA74-9683152B8E09}.Debug|Any CPU.ActiveCfg = Debug|Any CPU
		{E1C913CE-D68F-462F-BA74-9683152B8E09}.Debug|Any CPU.Build.0 = Debug|Any CPU
		{E1C913CE-D68F-462F-BA74-9683152B8E09}.Release|Any CPU.ActiveCfg = Release|Any CPU
		{E1C913CE-D68F-462F-BA74-9683152B8E09}.Release|Any CPU.Build.0 = Release|Any CPU
	EndGlobalSection
	GlobalSection(SolutionProperties) = preSolution
		HideSolutionNode = FALSE
	EndGlobalSection
	GlobalSection(ExtensibilityGlobals) = postSolution
		SolutionGuid = {488EC16C-F02A-462F-89BE-685734F8FA3B}
	EndGlobalSection
EndGlobal
